{
	"name": "web-search",
	"version": "1.0.0",
	"lockfileVersion": 3,
	"requires": true,
	"packages": {
		"": {
			"name": "web-search",
			"version": "1.0.0",
			"license": "MIT",
			"dependencies": {
				"duck-duck-scrape": "^2.2.7",
				"zod": "^4.2.1"
			},
			"bin": {
				"web-search": "web-search.js"
			}
		},
		"node_modules/duck-duck-scrape": {
			"version": "2.2.7",
			"resolved": "https://registry.npmjs.org/duck-duck-scrape/-/duck-duck-scrape-2.2.7.tgz",
			"integrity": "sha512-BEcglwnfx5puJl90KQfX+Q2q5vCguqyMpZcSRPBWk8OY55qWwV93+E+7DbIkrGDW4qkqPfUvtOUdi0lXz6lEMQ==",
			"license": "MIT",
			"dependencies": {
				"html-entities": "^2.3.3",
				"needle": "^3.2.0"
			},
			"funding": {
				"url": "https://github.com/sponsors/Snazzah"
			}
		},
		"node_modules/html-entities": {
			"version": "2.6.0",
			"resolved": "https://registry.npmjs.org/html-entities/-/html-entities-2.6.0.tgz",
			"integrity": "sha512-kig+rMn/QOVRvr7c86gQ8lWXq+Hkv6CbAH1hLu+RG338StTpE8Z0b44SDVaqVu7HGKf27frdmUYEs9hTUX/cLQ==",
			"funding": [
				{
					"type": "github",
					"url": "https://github.com/sponsors/mdevils"
				},
				{
					"type": "patreon",
					"url": "https://patreon.com/mdevils"
				}
			],
			"license": "MIT"
		},
		"node_modules/iconv-lite": {
			"version": "0.6.3",
			"resolved": "https://registry.npmjs.org/iconv-lite/-/iconv-lite-0.6.3.tgz",
			"integrity": "sha512-4fCk79wshMdzMp2rH06qWrJE4iolqLhCUH+OiuIgU++RB0+94NlDL81atO7GX55uUKueo0txHNtvEyI6D7WdMw==",
			"license": "MIT",
			"dependencies": {
				"safer-buffer": ">= 2.1.2 < 3.0.0"
			},
			"engines": {
				"node": ">=0.10.0"
			}
		},
		"node_modules/needle": {
			"version": "3.3.1",
			"resolved": "https://registry.npmjs.org/needle/-/needle-3.3.1.tgz",
			"integrity": "sha512-6k0YULvhpw+RoLNiQCRKOl09Rv1dPLr8hHnVjHqdolKwDrdNyk+Hmrthi4lIGPPz3r39dLx0hsF5s40sZ3Us4Q==",
			"license": "MIT",
			"dependencies": {
				"iconv-lite": "^0.6.3",
				"sax": "^1.2.4"
			},
			"bin": {
				"needle": "bin/needle"
			},
			"engines": {
				"node": ">= 4.4.x"
			}
		},
		"node_modules/safer-buffer": {
			"version": "2.1.2",
			"resolved": "https://registry.npmjs.org/safer-buffer/-/safer-buffer-2.1.2.tgz",
			"integrity": "sha512-YZo3K82SD7Riyi0E1EQPojLz7kpepnSQI9IyPbHHg1XXXevb5dJI7tpyN2ADxGcQbHG7vcyRHk0cbwqcQriUtg==",
			"license": "MIT"
		},
		"node_modules/sax": {
			"version": "1.4.3",
			"resolved": "https://registry.npmjs.org/sax/-/sax-1.4.3.tgz",
			"integrity": "sha512-yqYn1JhPczigF94DMS+shiDMjDowYO6y9+wB/4WgO0Y19jWYk0lQ4tuG5KI7kj4FTp1wxPj5IFfcrz/s1c3jjQ==",
			"license": "BlueOak-1.0.0"
		},
		"node_modules/zod": {
			"version": "4.2.1",
			"resolved": "https://registry.npmjs.org/zod/-/zod-4.2.1.tgz",
			"integrity": "sha512-0wZ1IRqGGhMP76gLqz8EyfBXKk0J2qo2+H3fi4mcUP/KtTocoX08nmIAHl1Z2kJIZbZee8KOpBCSNPRgauucjw==",
			"license": "MIT",
			"funding": {
				"url": "https://github.com/sponsors/colinhacks"
			}
		}
	}
}
